
Microsoft Visual Studio Solution File, Format Version 12.00
# Visual Studio 14
VisualStudioVersion = 14.0.25420.1
MinimumVisualStudioVersion = 10.0.40219.1
Project("{2150E333-8FDC-42A3-9474-1A3956D46DE8}") = "src", "src", "{D8DAFFFD-9E85-4E04-966E-046359C80C02}"
EndProject
Project("{2150E333-8FDC-42A3-9474-1A3956D46DE8}") = "Solution Items", "Solution Items", "{DF7EB53C-4319-42C6-88AF-1654E3C40344}"
	ProjectSection(SolutionItems) = preProject
		global.json = global.json
		D:\Projects\Training\Microsoft.NET\ASP.NET MVC 6\Tools\Northwind Database\Northwind Local DB\instnwnd.sql = D:\Projects\Training\Microsoft.NET\ASP.NET MVC 6\Tools\Northwind Database\Northwind Local DB\instnwnd.sql
	EndProjectSection
EndProject
Project("{8BB2217D-0F2D-49D1-97BC-3654ED321F3B}") = "SampleApp", "src\SampleApp\SampleApp.xproj", "{8F9FFD1B-A7F3-43E0-8C11-868CA0A0212E}"
EndProject
Project("{8BB2217D-0F2D-49D1-97BC-3654ED321F3B}") = "ReflectionIT.Mvc.Paging", "src\ReflectionIT.Mvc.Paging\ReflectionIT.Mvc.Paging.xproj", "{F3156E55-5D0A-4E49-9815-94CB4F58FE75}"
EndProject
Global
	GlobalSection(SolutionConfigurationPlatforms) = preSolution
		Debug|Any CPU = Debug|Any CPU
		Release|Any CPU = Release|Any CPU
	EndGlobalSection
	GlobalSection(ProjectConfigurationPlatforms) = postSolution
		{8F9FFD1B-A7F3-43E0-8C11-868CA0A0212E}.Debug|Any CPU.ActiveCfg = Debug|Any CPU
		{8F9FFD1B-A7F3-43E0-8C11-868CA0A0212E}.Debug|Any CPU.Build.0 = Debug|Any CPU
		{8F9FFD1B-A7F3-43E0-8C11-868CA0A0212E}.Release|Any CPU.ActiveCfg = Release|Any CPU
		{8F9FFD1B-A7F3-43E0-8C11-868CA0A0212E}.Release|Any CPU.Build.0 = Release|Any CPU
		{F3156E55-5D0A-4E49-9815-94CB4F58FE75}.Debug|Any CPU.ActiveCfg = Debug|Any CPU
		{F3156E55-5D0A-4E49-9815-94CB4F58FE75}.Debug|Any CPU.Build.0 = Debug|Any CPU
		{F3156E55-5D0A-4E49-9815-94CB4F58FE75}.Release|Any CPU.ActiveCfg = Release|Any CPU
		{F3156E55-5D0A-4E49-9815-94CB4F58FE75}.Release|Any CPU.Build.0 = Release|Any CPU
	EndGlobalSection
	GlobalSection(SolutionProperties) = preSolution
		HideSolutionNode = FALSE
	EndGlobalSection
	GlobalSection(NestedProjects) = preSolution
		{8F9FFD1B-A7F3-43E0-8C11-868CA0A0212E} = {D8DAFFFD-9E85-4E04-966E-046359C80C02}
		{F3156E55-5D0A-4E49-9815-94CB4F58FE75} = {D8DAFFFD-9E85-4E04-966E-046359C80C02}
	EndGlobalSection
EndGlobal
